
Microsoft Visual Studio Solution File, Format Version 12.00
# Visual Studio Version 16
VisualStudioVersion = 16.0.31005.135
MinimumVisualStudioVersion = 10.0.40219.1
Project("{8BC9CEB8-8B4A-11D0-8D11-00A0C91BC942}") = "kosti_game", "kosti_game\kosti_game.vcxproj", "{1C2EECE6-5AFD-40A6-928A-FE2CC9705EE8}"
EndProject
Global
	GlobalSection(SolutionConfigurationPlatforms) = preSolution
		Debug|x64 = Debug|x64
		Debug|x86 = Debug|x86
		Release|x64 = Release|x64
		Release|x86 = Release|x86
	EndGlobalSection
	GlobalSection(ProjectConfigurationPlatforms) = postSolution
		{1C2EECE6-5AFD-40A6-928A-FE2CC9705EE8}.Debug|x64.ActiveCfg = Debug|x64
		{1C2EECE6-5AFD-40A6-928A-FE2CC9705EE8}.Debug|x64.Build.0 = Debug|x64
		{1C2EECE6-5AFD-40A6-928A-FE2CC9705EE8}.Debug|x86.ActiveCfg = Debug|Win32
		{1C2EECE6-5AFD-40A6-928A-FE2CC9705EE8}.Debug|x86.Build.0 = Debug|Win32
		{1C2EECE6-5AFD-40A6-928A-FE2CC9705EE8}.Release|x64.ActiveCfg = Release|x64
		{1C2EECE6-5AFD-40A6-928A-FE2CC9705EE8}.Release|x64.Build.0 = Release|x64
		{1C2EECE6-5AFD-40A6-928A-FE2CC9705EE8}.Release|x86.ActiveCfg = Release|Win32
		{1C2EECE6-5AFD-40A6-928A-FE2CC9705EE8}.Release|x86.Build.0 = Release|Win32
	EndGlobalSection
	GlobalSection(SolutionProperties) = preSolution
		HideSolutionNode = FALSE
	EndGlobalSection
	GlobalSection(ExtensibilityGlobals) = postSolution
		SolutionGuid = {5F491E3E-C0C3-495F-9032-A29CE2C8AB4A}
	EndGlobalSection
EndGlobal
